// !$*UTF8*$!
{
	archiveVersion = 1;
	classes = {
	};
	objectVersion = 46;
	objects = {

/* Begin PBXBuildFile section */
		99FE77BD1D03457600F3EBA2 /* AppDelegate.swift in Sources */ = {isa = PBXBuildFile; fileRef = 99FE77BC1D03457600F3EBA2 /* AppDelegate.swift */; };
		99FE77BF1D03457600F3EBA2 /* ViewController.swift in Sources */ = {isa = PBXBuildFile; fileRef = 99FE77BE1D03457600F3EBA2 /* ViewController.swift */; };
		99FE77C21D03457600F3EBA2 /* Main.storyboard in Resources */ = {isa = PBXBuildFile; fileRef = 99FE77C01D03457600F3EBA2 /* Main.storyboard */; };
		99FE77C41D03457600F3EBA2 /* Assets.xcassets in Resources */ = {isa = PBXBuildFile; fileRef = 99FE77C31D03457600F3EBA2 /* Assets.xcassets */; };
		99FE77C71D03457600F3EBA2 /* LaunchScreen.storyboard in Resources */ = {isa = PBXBuildFile; fileRef = 99FE77C51D03457600F3EBA2 /* LaunchScreen.storyboard */; };
		99FE77D21D03457600F3EBA2 /* RedditReaderTests.swift in Sources */ = {isa = PBXBuildFile; fileRef = 99FE77D11D03457600F3EBA2 /* RedditReaderTests.swift */; };
		99FE77DD1D03457600F3EBA2 /* RedditReaderUITests.swift in Sources */ = {isa = PBXBuildFile; fileRef = 99FE77DC1D03457600F3EBA2 /* RedditReaderUITests.swift */; };
/* End PBXBuildFile section */

/* Begin PBXContainerItemProxy section */
		99FE77CE1D03457600F3EBA2 /* PBXContainerItemProxy */ = {
			isa = PBXContainerItemProxy;
			containerPortal = 99FE77B11D03457600F3EBA2 /* Project object */;
			proxyType = 1;
			remoteGlobalIDString = 99FE77B81D03457600F3EBA2;
			remoteInfo = RedditReader;
		};
		99FE77D91D03457600F3EBA2 /* PBXContainerItemProxy */ = {
			isa = PBXContainerItemProxy;
			containerPortal = 99FE77B11D03457600F3EBA2 /* Project object */;
			proxyType = 1;
			remoteGlobalIDString = 99FE77B81D03457600F3EBA2;
			remoteInfo = RedditReader;
		};
/* End PBXContainerItemProxy section */

/* Begin PBXFileReference section */
		99FE77B91D03457600F3EBA2 /* RedditReader.app */ = {isa = PBXFileReference; explicitFileType = wrapper.application; includeInIndex = 0; path = RedditReader.app; sourceTree = BUILT_PRODUCTS_DIR; };
		99FE77BC1D03457600F3EBA2 /* AppDelegate.swift */ = {isa = PBXFileReference; lastKnownFileType = sourcecode.swift; path = AppDelegate.swift; sourceTree = "<group>"; };
		99FE77BE1D03457600F3EBA2 /* ViewController.swift */ = {isa = PBXFileReference; lastKnownFileType = sourcecode.swift; path = ViewController.swift; sourceTree = "<group>"; };
		99FE77C11D03457600F3EBA2 /* Base */ = {isa = PBXFileReference; lastKnownFileType = file.storyboard; name = Base; path = Base.lproj/Main.storyboard; sourceTree = "<group>"; };
		99FE77C31D03457600F3EBA2 /* Assets.xcassets */ = {isa = PBXFileReference; lastKnownFileType = folder.assetcatalog; path = Assets.xcassets; sourceTree = "<group>"; };
		99FE77C61D03457600F3EBA2 /* Base */ = {isa = PBXFileReference; lastKnownFileType = file.storyboard; name = Base; path = Base.lproj/LaunchScreen.storyboard; sourceTree = "<group>"; };
		99FE77C81D03457600F3EBA2 /* Info.plist */ = {isa = PBXFileReference; lastKnownFileType = text.plist.xml; path = Info.plist; sourceTree = "<group>"; };
		99FE77CD1D03457600F3EBA2 /* RedditReaderTests.xctest */ = {isa = PBXFileReference; explicitFileType = wrapper.cfbundle; includeInIndex = 0; path = RedditReaderTests.xctest; sourceTree = BUILT_PRODUCTS_DIR; };
		99FE77D11D03457600F3EBA2 /* RedditReaderTests.swift */ = {isa = PBXFileReference; lastKnownFileType = sourcecode.swift; path = RedditReaderTests.swift; sourceTree = "<group>"; };
		99FE77D31D03457600F3EBA2 /* Info.plist */ = {isa = PBXFileReference; lastKnownFileType = text.plist.xml; path = Info.plist; sourceTree = "<group>"; };
		99FE77D81D03457600F3EBA2 /* RedditReaderUITests.xctest */ = {isa = PBXFileReference; explicitFileType = wrapper.cfbundle; includeInIndex = 0; path = RedditReaderUITests.xctest; sourceTree = BUILT_PRODUCTS_DIR; };
		99FE77DC1D03457600F3EBA2 /* RedditReaderUITests.swift */ = {isa = PBXFileReference; lastKnownFileType = sourcecode.swift; path = RedditReaderUITests.swift; sourceTree = "<group>"; };
		99FE77DE1D03457600F3EBA2 /* Info.plist */ = {isa = PBXFileReference; lastKnownFileType = text.plist.xml; path = Info.plist; sourceTree = "<group>"; };
/* End PBXFileReference section */

/* Begin PBXFrameworksBuildPhase section */
		99FE77B61D03457600F3EBA2 /* Frameworks */ = {
			isa = PBXFrameworksBuildPhase;
			buildActionMask = 2147483647;
			files = (
			);
			runOnlyForDeploymentPostprocessing = 0;
		};
		99FE77CA1D03457600F3EBA2 /* Frameworks */ = {
			isa = PBXFrameworksBuildPhase;
			buildActionMask = 2147483647;
			files = (
			);
			runOnlyForDeploymentPostprocessing = 0;
		};
		99FE77D51D03457600F3EBA2 /* Frameworks */ = {
			isa = PBXFrameworksBuildPhase;
			buildActionMask = 2147483647;
			files = (
			);
			runOnlyForDeploymentPostprocessing = 0;
		};
/* End PBXFrameworksBuildPhase section */

/* Begin PBXGroup section */
		99FE77B01D03457600F3EBA2 = {
			isa = PBXGroup;
			children = (
				99FE77BB1D03457600F3EBA2 /* RedditReader */,
				99FE77D01D03457600F3EBA2 /* RedditReaderTests */,
				99FE77DB1D03457600F3EBA2 /* RedditReaderUITests */,
				99FE77BA1D03457600F3EBA2 /* Products */,
			);
			sourceTree = "<group>";
		};
		99FE77BA1D03457600F3EBA2 /* Products */ = {
			isa = PBXGroup;
			children = (
				99FE77B91D03457600F3EBA2 /* RedditReader.app */,
				99FE77CD1D03457600F3EBA2 /* RedditReaderTests.xctest */,
				99FE77D81D03457600F3EBA2 /* RedditReaderUITests.xctest */,
			);
			name = Products;
			sourceTree = "<group>";
		};
		99FE77BB1D03457600F3EBA2 /* RedditReader */ = {
			isa = PBXGroup;
			children = (
				99FE77BC1D03457600F3EBA2 /* AppDelegate.swift */,
				99FE77BE1D03457600F3EBA2 /* ViewController.swift */,
				99FE77C01D03457600F3EBA2 /* Main.storyboard */,
				99FE77C31D03457600F3EBA2 /* Assets.xcassets */,
				99FE77C51D03457600F3EBA2 /* LaunchScreen.storyboard */,
				99FE77C81D03457600F3EBA2 /* Info.plist */,
			);
			path = RedditReader;
			sourceTree = "<group>";
		};
		99FE77D01D03457600F3EBA2 /* RedditReaderTests */ = {
			isa = PBXGroup;
			children = (
				99FE77D11D03457600F3EBA2 /* RedditReaderTests.swift */,
				99FE77D31D03457600F3EBA2 /* Info.plist */,
			);
			path = RedditReaderTests;
			sourceTree = "<group>";
		};
		99FE77DB1D03457600F3EBA2 /* RedditReaderUITests */ = {
			isa = PBXGroup;
			children = (
				99FE77DC1D03457600F3EBA2 /* RedditReaderUITests.swift */,
				99FE77DE1D03457600F3EBA2 /* Info.plist */,
			);
			path = RedditReaderUITests;
			sourceTree = "<group>";
		};
/* End PBXGroup section */

/* Begin PBXNativeTarget section */
		99FE77B81D03457600F3EBA2 /* RedditReader */ = {
			isa = PBXNativeTarget;
			buildConfigurationList = 99FE77E11D03457600F3EBA2 /* Build configuration list for PBXNativeTarget "RedditReader" */;
			buildPhases = (
				99FE77B51D03457600F3EBA2 /* Sources */,
				99FE77B61D03457600F3EBA2 /* Frameworks */,
				99FE77B71D03457600F3EBA2 /* Resources */,
			);
			buildRules = (
			);
			dependencies = (
			);
			name = RedditReader;
			productName = RedditReader;
			productReference = 99FE77B91D03457600F3EBA2 /* RedditReader.app */;
			productType = "com.apple.product-type.application";
		};
		99FE77CC1D03457600F3EBA2 /* RedditReaderTests */ = {
			isa = PBXNativeTarget;
			buildConfigurationList = 99FE77E41D03457600F3EBA2 /* Build configuration list for PBXNativeTarget "RedditReaderTests" */;
			buildPhases = (
				99FE77C91D03457600F3EBA2 /* Sources */,
				99FE77CA1D03457600F3EBA2 /* Frameworks */,
				99FE77CB1D03457600F3EBA2 /* Resources */,
			);
			buildRules = (
			);
			dependencies = (
				99FE77CF1D03457600F3EBA2 /* PBXTargetDependency */,
			);
			name = RedditReaderTests;
			productName = RedditReaderTests;
			productReference = 99FE77CD1D03457600F3EBA2 /* RedditReaderTests.xctest */;
			productType = "com.apple.product-type.bundle.unit-test";
		};
		99FE77D71D03457600F3EBA2 /* RedditReaderUITests */ = {
			isa = PBXNativeTarget;
			buildConfigurationList = 99FE77E71D03457600F3EBA2 /* Build configuration list for PBXNativeTarget "RedditReaderUITests" */;
			buildPhases = (
				99FE77D41D03457600F3EBA2 /* Sources */,
				99FE77D51D03457600F3EBA2 /* Frameworks */,
				99FE77D61D03457600F3EBA2 /* Resources */,
			);
			buildRules = (
			);
			dependencies = (
				99FE77DA1D03457600F3EBA2 /* PBXTargetDependency */,
			);
			name = RedditReaderUITests;
			productName = RedditReaderUITests;
			productReference = 99FE77D81D03457600F3EBA2 /* RedditReaderUITests.xctest */;
			productType = "com.apple.product-type.bundle.ui-testing";
		};
/* End PBXNativeTarget section */

/* Begin PBXProject section */
		99FE77B11D03457600F3EBA2 /* Project object */ = {
			isa = PBXProject;
			attributes = {
				LastSwiftUpdateCheck = 0730;
				LastUpgradeCheck = 0730;
				ORGANIZATIONNAME = Janmarc;
				TargetAttributes = {
					99FE77B81D03457600F3EBA2 = {
						CreatedOnToolsVersion = 7.3;
					};
					99FE77CC1D03457600F3EBA2 = {
						CreatedOnToolsVersion = 7.3;
						TestTargetID = 99FE77B81D03457600F3EBA2;
					};
					99FE77D71D03457600F3EBA2 = {
						CreatedOnToolsVersion = 7.3;
						TestTargetID = 99FE77B81D03457600F3EBA2;
					};
				};
			};
			buildConfigurationList = 99FE77B41D03457600F3EBA2 /* Build configuration list for PBXProject "RedditReader" */;
			compatibilityVersion = "Xcode 3.2";
			developmentRegion = English;
			hasScannedForEncodings = 0;
			knownRegions = (
				en,
				Base,
			);
			mainGroup = 99FE77B01D03457600F3EBA2;
			productRefGroup = 99FE77BA1D03457600F3EBA2 /* Products */;
			projectDirPath = "";
			projectRoot = "";
			targets = (
				99FE77B81D03457600F3EBA2 /* RedditReader */,
				99FE77CC1D03457600F3EBA2 /* RedditReaderTests */,
				99FE77D71D03457600F3EBA2 /* RedditReaderUITests */,
			);
		};
/* End PBXProject section */

/* Begin PBXResourcesBuildPhase section */
		99FE77B71D03457600F3EBA2 /* Resources */ = {
			isa = PBXResourcesBuildPhase;
			buildActionMask = 2147483647;
			files = (
				99FE77C71D03457600F3EBA2 /* LaunchScreen.storyboard in Resources */,
				99FE77C41D03457600F3EBA2 /* Assets.xcassets in Resources */,
				99FE77C21D03457600F3EBA2 /* Main.storyboard in Resources */,
			);
			runOnlyForDeploymentPostprocessing = 0;
		};
		99FE77CB1D03457600F3EBA2 /* Resources */ = {
			isa = PBXResourcesBuildPhase;
			buildActionMask = 2147483647;
			files = (
			);
			runOnlyForDeploymentPostprocessing = 0;
		};
		99FE77D61D03457600F3EBA2 /* Resources */ = {
			isa = PBXResourcesBuildPhase;
			buildActionMask = 2147483647;
			files = (
			);
			runOnlyForDeploymentPostprocessing = 0;
		};
/* End PBXResourcesBuildPhase section */

/* Begin PBXSourcesBuildPhase section */
		99FE77B51D03457600F3EBA2 /* Sources */ = {
			isa = PBXSourcesBuildPhase;
			buildActionMask = 2147483647;
			files = (
				99FE77BF1D03457600F3EBA2 /* ViewController.swift in Sources */,
				99FE77BD1D03457600F3EBA2 /* AppDelegate.swift in Sources */,
			);
			runOnlyForDeploymentPostprocessing = 0;
		};
		99FE77C91D03457600F3EBA2 /* Sources */ = {
			isa = PBXSourcesBuildPhase;
			buildActionMask = 2147483647;
			files = (
				99FE77D21D03457600F3EBA2 /* RedditReaderTests.swift in Sources */,
			);
			runOnlyForDeploymentPostprocessing = 0;
		};
		99FE77D41D03457600F3EBA2 /* Sources */ = {
			isa = PBXSourcesBuildPhase;
			buildActionMask = 2147483647;
			files = (
				99FE77DD1D03457600F3EBA2 /* RedditReaderUITests.swift in Sources */,
			);
			runOnlyForDeploymentPostprocessing = 0;
		};
/* End PBXSourcesBuildPhase section */

/* Begin PBXTargetDependency section */
		99FE77CF1D03457600F3EBA2 /* PBXTargetDependency */ = {
			isa = PBXTargetDependency;
			target = 99FE77B81D03457600F3EBA2 /* RedditReader */;
			targetProxy = 99FE77CE1D03457600F3EBA2 /* PBXContainerItemProxy */;
		};
		99FE77DA1D03457600F3EBA2 /* PBXTargetDependency */ = {
			isa = PBXTargetDependency;
			target = 99FE77B81D03457600F3EBA2 /* RedditReader */;
			targetProxy = 99FE77D91D03457600F3EBA2 /* PBXContainerItemProxy */;
		};
/* End PBXTargetDependency section */

/* Begin PBXVariantGroup section */
		99FE77C01D03457600F3EBA2 /* Main.storyboard */ = {
			isa = PBXVariantGroup;
			children = (
				99FE77C11D03457600F3EBA2 /* Base */,
			);
			name = Main.storyboard;
			sourceTree = "<group>";
		};
		99FE77C51D03457600F3EBA2 /* LaunchScreen.storyboard */ = {
			isa = PBXVariantGroup;
			children = (
				99FE77C61D03457600F3EBA2 /* Base */,
			);
			name = LaunchScreen.storyboard;
			sourceTree = "<group>";
		};
/* End PBXVariantGroup section */

/* Begin XCBuildConfiguration section */
		99FE77DF1D03457600F3EBA2 /* Debug */ = {
			isa = XCBuildConfiguration;
			buildSettings = {
				ALWAYS_SEARCH_USER_PATHS = NO;
				CLANG_ANALYZER_NONNULL = YES;
				CLANG_CXX_LANGUAGE_STANDARD = "gnu++0x";
				CLANG_CXX_LIBRARY = "libc++";
				CLANG_ENABLE_MODULES = YES;
				CLANG_ENABLE_OBJC_ARC = YES;
				CLANG_WARN_BOOL_CONVERSION = YES;
				CLANG_WARN_CONSTANT_CONVERSION = YES;
				CLANG_WARN_DIRECT_OBJC_ISA_USAGE = YES_ERROR;
				CLANG_WARN_EMPTY_BODY = YES;
				CLANG_WARN_ENUM_CONVERSION = YES;
				CLANG_WARN_INT_CONVERSION = YES;
				CLANG_WARN_OBJC_ROOT_CLASS = YES_ERROR;
				CLANG_WARN_UNREACHABLE_CODE = YES;
				CLANG_WARN__DUPLICATE_METHOD_MATCH = YES;
				"CODE_SIGN_IDENTITY[sdk=iphoneos*]" = "iPhone Developer";
				COPY_PHASE_STRIP = NO;
				DEBUG_INFORMATION_FORMAT = dwarf;
				ENABLE_STRICT_OBJC_MSGSEND = YES;
				ENABLE_TESTABILITY = YES;
				GCC_C_LANGUAGE_STANDARD = gnu99;
				GCC_DYNAMIC_NO_PIC = NO;
				GCC_NO_COMMON_BLOCKS = YES;
				GCC_OPTIMIZATION_LEVEL = 0;
				GCC_PREPROCESSOR_DEFINITIONS = (
					"DEBUG=1",
					"$(inherited)",
				);
				GCC_WARN_64_TO_32_BIT_CONVERSION = YES;
				GCC_WARN_ABOUT_RETURN_TYPE = YES_ERROR;
				GCC_WARN_UNDECLARED_SELECTOR = YES;
				GCC_WARN_UNINITIALIZED_AUTOS = YES_AGGRESSIVE;
				GCC_WARN_UNUSED_FUNCTION = YES;
				GCC_WARN_UNUSED_VARIABLE = YES;
				IPHONEOS_DEPLOYMENT_TARGET = 9.3;
				MTL_ENABLE_DEBUG_INFO = YES;
				ONLY_ACTIVE_ARCH = YES;
				SDKROOT = iphoneos;
				SWIFT_OPTIMIZATION_LEVEL = "-Onone";
				TARGETED_DEVICE_FAMILY = "1,2";
			};
			name = Debug;
		};
		99FE77E01D03457600F3EBA2 /* Release */ = {
			isa = XCBuildConfiguration;
			buildSettings = {
				ALWAYS_SEARCH_USER_PATHS = NO;
				CLANG_ANALYZER_NONNULL = YES;
				CLANG_CXX_LANGUAGE_STANDARD = "gnu++0x";
				CLANG_CXX_LIBRARY = "libc++";
				CLANG_ENABLE_MODULES = YES;
				CLANG_ENABLE_OBJC_ARC = YES;
				CLANG_WARN_BOOL_CONVERSION = YES;
				CLANG_WARN_CONSTANT_CONVERSION = YES;
				CLANG_WARN_DIRECT_OBJC_ISA_USAGE = YES_ERROR;
				CLANG_WARN_EMPTY_BODY = YES;
				CLANG_WARN_ENUM_CONVERSION = YES;
				CLANG_WARN_INT_CONVERSION = YES;
				CLANG_WARN_OBJC_ROOT_CLASS = YES_ERROR;
				CLANG_WARN_UNREACHABLE_CODE = YES;
				CLANG_WARN__DUPLICATE_METHOD_MATCH = YES;
				"CODE_SIGN_IDENTITY[sdk=iphoneos*]" = "iPhone Developer";
				COPY_PHASE_STRIP = NO;
				DEBUG_INFORMATION_FORMAT = "dwarf-with-dsym";
				ENABLE_NS_ASSERTIONS = NO;
				ENABLE_STRICT_OBJC_MSGSEND = YES;
				GCC_C_LANGUAGE_STANDARD = gnu99;
				GCC_NO_COMMON_BLOCKS = YES;
				GCC_WARN_64_TO_32_BIT_CONVERSION = YES;
				GCC_WARN_ABOUT_RETURN_TYPE = YES_ERROR;
				GCC_WARN_UNDECLARED_SELECTOR = YES;
				GCC_WARN_UNINITIALIZED_AUTOS = YES_AGGRESSIVE;
				GCC_WARN_UNUSED_FUNCTION = YES;
				GCC_WARN_UNUSED_VARIABLE = YES;
				IPHONEOS_DEPLOYMENT_TARGET = 9.3;
				MTL_ENABLE_DEBUG_INFO = NO;
				SDKROOT = iphoneos;
				TARGETED_DEVICE_FAMILY = "1,2";
				VALIDATE_PRODUCT = YES;
			};
			name = Release;
		};
		99FE77E21D03457600F3EBA2 /* Debug */ = {
			isa = XCBuildConfiguration;
			buildSettings = {
				ASSETCATALOG_COMPILER_APPICON_NAME = AppIcon;
				INFOPLIST_FILE = RedditReader/Info.plist;
				LD_RUNPATH_SEARCH_PATHS = "$(inherited) @executable_path/Frameworks";
				PRODUCT_BUNDLE_IDENTIFIER = com.wemakeapps.RedditReader;
				PRODUCT_NAME = "$(TARGET_NAME)";
			};
			name = Debug;
		};
		99FE77E31D03457600F3EBA2 /* Release */ = {
			isa = XCBuildConfiguration;
			buildSettings = {
				ASSETCATALOG_COMPILER_APPICON_NAME = AppIcon;
				INFOPLIST_FILE = RedditReader/Info.plist;
				LD_RUNPATH_SEARCH_PATHS = "$(inherited) @executable_path/Frameworks";
				PRODUCT_BUNDLE_IDENTIFIER = com.wemakeapps.RedditReader;
				PRODUCT_NAME = "$(TARGET_NAME)";
			};
			name = Release;
		};
		99FE77E51D03457600F3EBA2 /* Debug */ = {
			isa = XCBuildConfiguration;
			buildSettings = {
				BUNDLE_LOADER = "$(TEST_HOST)";
				INFOPLIST_FILE = RedditReaderTests/Info.plist;
				LD_RUNPATH_SEARCH_PATHS = "$(inherited) @executable_path/Frameworks @loader_path/Frameworks";
				PRODUCT_BUNDLE_IDENTIFIER = com.wemakeapps.RedditReaderTests;
				PRODUCT_NAME = "$(TARGET_NAME)";
				TEST_HOST = "$(BUILT_PRODUCTS_DIR)/RedditReader.app/RedditReader";
			};
			name = Debug;
		};
		99FE77E61D03457600F3EBA2 /* Release */ = {
			isa = XCBuildConfiguration;
			buildSettings = {
				BUNDLE_LOADER = "$(TEST_HOST)";
				INFOPLIST_FILE = RedditReaderTests/Info.plist;
				LD_RUNPATH_SEARCH_PATHS = "$(inherited) @executable_path/Frameworks @loader_path/Frameworks";
				PRODUCT_BUNDLE_IDENTIFIER = com.wemakeapps.RedditReaderTests;
				PRODUCT_NAME = "$(TARGET_NAME)";
				TEST_HOST = "$(BUILT_PRODUCTS_DIR)/RedditReader.app/RedditReader";
			};
			name = Release;
		};
		99FE77E81D03457600F3EBA2 /* Debug */ = {
			isa = XCBuildConfiguration;
			buildSettings = {
				INFOPLIST_FILE = RedditReaderUITests/Info.plist;
				LD_RUNPATH_SEARCH_PATHS = "$(inherited) @executable_path/Frameworks @loader_path/Frameworks";
				PRODUCT_BUNDLE_IDENTIFIER = com.wemakeapps.RedditReaderUITests;
				PRODUCT_NAME = "$(TARGET_NAME)";
				TEST_TARGET_NAME = RedditReader;
			};
			name = Debug;
		};
		99FE77E91D03457600F3EBA2 /* Release */ = {
			isa = XCBuildConfiguration;
			buildSettings = {
				INFOPLIST_FILE = RedditReaderUITests/Info.plist;
				LD_RUNPATH_SEARCH_PATHS = "$(inherited) @executable_path/Frameworks @loader_path/Frameworks";
				PRODUCT_BUNDLE_IDENTIFIER = com.wemakeapps.RedditReaderUITests;
				PRODUCT_NAME = "$(TARGET_NAME)";
				TEST_TARGET_NAME = RedditReader;
			};
			name = Release;
		};
/* End XCBuildConfiguration section */

/* Begin XCConfigurationList section */
		99FE77B41D03457600F3EBA2 /* Build configuration list for PBXProject "RedditReader" */ = {
			isa = XCConfigurationList;
			buildConfigurations = (
				99FE77DF1D03457600F3EBA2 /* Debug */,
				99FE77E01D03457600F3EBA2 /* Release */,
			);
			defaultConfigurationIsVisible = 0;
			defaultConfigurationName = Release;
		};
		99FE77E11D03457600F3EBA2 /* Build configuration list for PBXNativeTarget "RedditReader" */ = {
			isa = XCConfigurationList;
			buildConfigurations = (
				99FE77E21D03457600F3EBA2 /* Debug */,
				99FE77E31D03457600F3EBA2 /* Release */,
			);
			defaultConfigurationIsVisible = 0;
		};
		99FE77E41D03457600F3EBA2 /* Build configuration list for PBXNativeTarget "RedditReaderTests" */ = {
			isa = XCConfigurationList;
			buildConfigurations = (
				99FE77E51D03457600F3EBA2 /* Debug */,
				99FE77E61D03457600F3EBA2 /* Release */,
			);
			defaultConfigurationIsVisible = 0;
		};
		99FE77E71D03457600F3EBA2 /* Build configuration list for PBXNativeTarget "RedditReaderUITests" */ = {
			isa = XCConfigurationList;
			buildConfigurations = (
				99FE77E81D03457600F3EBA2 /* Debug */,
				99FE77E91D03457600F3EBA2 /* Release */,
			);
			defaultConfigurationIsVisible = 0;
		};
/* End XCConfigurationList section */
	};
	rootObject = 99FE77B11D03457600F3EBA2 /* Project object */;
}
